
Microsoft Visual Studio Solution File, Format Version 12.00
# Visual Studio 2012
Project("{FAE04EC0-301F-11D3-BF4B-00C04F79EFBC}") = "05_Converter", "05_Converter\05_Converter.csproj", "{98F50223-2A54-47C3-AECE-A3936AB41E4A}"
EndProject
Global
	GlobalSection(SolutionConfigurationPlatforms) = preSolution
		Debug|Any CPU = Debug|Any CPU
		Release|Any CPU = Release|Any CPU
	EndGlobalSection
	GlobalSection(ProjectConfigurationPlatforms) = postSolution
		{98F50223-2A54-47C3-AECE-A3936AB41E4A}.Debug|Any CPU.ActiveCfg = Debug|Any CPU
		{98F50223-2A54-47C3-AECE-A3936AB41E4A}.Debug|Any CPU.Build.0 = Debug|Any CPU
		{98F50223-2A54-47C3-AECE-A3936AB41E4A}.Release|Any CPU.ActiveCfg = Release|Any CPU
		{98F50223-2A54-47C3-AECE-A3936AB41E4A}.Release|Any CPU.Build.0 = Release|Any CPU
	EndGlobalSection
	GlobalSection(SolutionProperties) = preSolution
		HideSolutionNode = FALSE
	EndGlobalSection
EndGlobal
