
Microsoft Visual Studio Solution File, Format Version 12.00
# Visual Studio Version 17
VisualStudioVersion = 17.5.33627.172
MinimumVisualStudioVersion = 10.0.40219.1
Project("{FAE04EC0-301F-11D3-BF4B-00C04F79EFBC}") = "07_UnificationOfTroops", "07_UnificationOfTroops\07_UnificationOfTroops.csproj", "{4429C74A-27FC-4607-A255-62FC913B9D07}"
EndProject
Global
	GlobalSection(SolutionConfigurationPlatforms) = preSolution
		Debug|Any CPU = Debug|Any CPU
		Release|Any CPU = Release|Any CPU
	EndGlobalSection
	GlobalSection(ProjectConfigurationPlatforms) = postSolution
		{4429C74A-27FC-4607-A255-62FC913B9D07}.Debug|Any CPU.ActiveCfg = Debug|Any CPU
		{4429C74A-27FC-4607-A255-62FC913B9D07}.Debug|Any CPU.Build.0 = Debug|Any CPU
		{4429C74A-27FC-4607-A255-62FC913B9D07}.Release|Any CPU.ActiveCfg = Release|Any CPU
		{4429C74A-27FC-4607-A255-62FC913B9D07}.Release|Any CPU.Build.0 = Release|Any CPU
	EndGlobalSection
	GlobalSection(SolutionProperties) = preSolution
		HideSolutionNode = FALSE
	EndGlobalSection
	GlobalSection(ExtensibilityGlobals) = postSolution
		SolutionGuid = {C3B62266-0203-476A-BA7C-2CFA3C808809}
	EndGlobalSection
EndGlobal
