
Microsoft Visual Studio Solution File, Format Version 12.00
# Visual Studio Version 17
VisualStudioVersion = 17.4.33205.214
MinimumVisualStudioVersion = 10.0.40219.1
Project("{FAE04EC0-301F-11D3-BF4B-00C04F79EFBC}") = "09_SuperMarket", "09_SuperMarket\09_SuperMarket.csproj", "{42B1E557-DD10-42C9-A85B-5B262FD362BB}"
EndProject
Global
	GlobalSection(SolutionConfigurationPlatforms) = preSolution
		Debug|Any CPU = Debug|Any CPU
		Release|Any CPU = Release|Any CPU
	EndGlobalSection
	GlobalSection(ProjectConfigurationPlatforms) = postSolution
		{42B1E557-DD10-42C9-A85B-5B262FD362BB}.Debug|Any CPU.ActiveCfg = Debug|Any CPU
		{42B1E557-DD10-42C9-A85B-5B262FD362BB}.Debug|Any CPU.Build.0 = Debug|Any CPU
		{42B1E557-DD10-42C9-A85B-5B262FD362BB}.Release|Any CPU.ActiveCfg = Release|Any CPU
		{42B1E557-DD10-42C9-A85B-5B262FD362BB}.Release|Any CPU.Build.0 = Release|Any CPU
	EndGlobalSection
	GlobalSection(SolutionProperties) = preSolution
		HideSolutionNode = FALSE
	EndGlobalSection
	GlobalSection(ExtensibilityGlobals) = postSolution
		SolutionGuid = {5F115E2F-DDB4-4C92-B635-A5D470453E15}
	EndGlobalSection
EndGlobal
