
Microsoft Visual Studio Solution File, Format Version 12.00
# Visual Studio Version 17
VisualStudioVersion = 17.5.33516.290
MinimumVisualStudioVersion = 10.0.40219.1
Project("{FAE04EC0-301F-11D3-BF4B-00C04F79EFBC}") = "02_Queue", "02_Queue\02_Queue.csproj", "{76FB3241-3EF4-4262-AECA-863C9F9D81CE}"
EndProject
Global
	GlobalSection(SolutionConfigurationPlatforms) = preSolution
		Debug|Any CPU = Debug|Any CPU
		Release|Any CPU = Release|Any CPU
	EndGlobalSection
	GlobalSection(ProjectConfigurationPlatforms) = postSolution
		{76FB3241-3EF4-4262-AECA-863C9F9D81CE}.Debug|Any CPU.ActiveCfg = Debug|Any CPU
		{76FB3241-3EF4-4262-AECA-863C9F9D81CE}.Debug|Any CPU.Build.0 = Debug|Any CPU
		{76FB3241-3EF4-4262-AECA-863C9F9D81CE}.Release|Any CPU.ActiveCfg = Release|Any CPU
		{76FB3241-3EF4-4262-AECA-863C9F9D81CE}.Release|Any CPU.Build.0 = Release|Any CPU
	EndGlobalSection
	GlobalSection(SolutionProperties) = preSolution
		HideSolutionNode = FALSE
	EndGlobalSection
	GlobalSection(ExtensibilityGlobals) = postSolution
		SolutionGuid = {5193058B-5CD3-4E11-AB20-39790E9AC54A}
	EndGlobalSection
EndGlobal
