
Microsoft Visual Studio Solution File, Format Version 12.00
# Visual Studio Version 17
VisualStudioVersion = 17.1.32421.90
MinimumVisualStudioVersion = 10.0.40219.1
Project("{FAE04EC0-301F-11D3-BF4B-00C04F79EFBC}") = "10_PowerOfTwo", "10_PowerOfTwo\10_PowerOfTwo.csproj", "{9447F63B-6E30-485E-A0F4-877DEF0EDC82}"
EndProject
Global
	GlobalSection(SolutionConfigurationPlatforms) = preSolution
		Debug|Any CPU = Debug|Any CPU
		Release|Any CPU = Release|Any CPU
	EndGlobalSection
	GlobalSection(ProjectConfigurationPlatforms) = postSolution
		{9447F63B-6E30-485E-A0F4-877DEF0EDC82}.Debug|Any CPU.ActiveCfg = Debug|Any CPU
		{9447F63B-6E30-485E-A0F4-877DEF0EDC82}.Debug|Any CPU.Build.0 = Debug|Any CPU
		{9447F63B-6E30-485E-A0F4-877DEF0EDC82}.Release|Any CPU.ActiveCfg = Release|Any CPU
		{9447F63B-6E30-485E-A0F4-877DEF0EDC82}.Release|Any CPU.Build.0 = Release|Any CPU
	EndGlobalSection
	GlobalSection(SolutionProperties) = preSolution
		HideSolutionNode = FALSE
	EndGlobalSection
	GlobalSection(ExtensibilityGlobals) = postSolution
		SolutionGuid = {49C46C04-C040-42B6-9DDA-9F70409E978E}
	EndGlobalSection
EndGlobal
