
Microsoft Visual Studio Solution File, Format Version 12.00
# Visual Studio Version 17
VisualStudioVersion = 17.5.33516.290
MinimumVisualStudioVersion = 10.0.40219.1
Project("{FAE04EC0-301F-11D3-BF4B-00C04F79EFBC}") = "03_ReadInt", "03_ReadInt\03_ReadInt.csproj", "{771DABA7-917B-42CC-B8C3-FFB71A2EB2EA}"
EndProject
Global
	GlobalSection(SolutionConfigurationPlatforms) = preSolution
		Debug|Any CPU = Debug|Any CPU
		Release|Any CPU = Release|Any CPU
	EndGlobalSection
	GlobalSection(ProjectConfigurationPlatforms) = postSolution
		{771DABA7-917B-42CC-B8C3-FFB71A2EB2EA}.Debug|Any CPU.ActiveCfg = Debug|Any CPU
		{771DABA7-917B-42CC-B8C3-FFB71A2EB2EA}.Debug|Any CPU.Build.0 = Debug|Any CPU
		{771DABA7-917B-42CC-B8C3-FFB71A2EB2EA}.Release|Any CPU.ActiveCfg = Release|Any CPU
		{771DABA7-917B-42CC-B8C3-FFB71A2EB2EA}.Release|Any CPU.Build.0 = Release|Any CPU
	EndGlobalSection
	GlobalSection(SolutionProperties) = preSolution
		HideSolutionNode = FALSE
	EndGlobalSection
	GlobalSection(ExtensibilityGlobals) = postSolution
		SolutionGuid = {393A0B69-99CE-4E55-BA34-381DD001A86D}
	EndGlobalSection
EndGlobal
