
Microsoft Visual Studio Solution File, Format Version 12.00
# Visual Studio 2012
Project("{FAE04EC0-301F-11D3-BF4B-00C04F79EFBC}") = "01_Loops", "01_Loops\01_Loops.csproj", "{1207DC48-BDD9-4ABC-B83A-408E526EE097}"
EndProject
Global
	GlobalSection(SolutionConfigurationPlatforms) = preSolution
		Debug|Any CPU = Debug|Any CPU
		Release|Any CPU = Release|Any CPU
	EndGlobalSection
	GlobalSection(ProjectConfigurationPlatforms) = postSolution
		{1207DC48-BDD9-4ABC-B83A-408E526EE097}.Debug|Any CPU.ActiveCfg = Debug|Any CPU
		{1207DC48-BDD9-4ABC-B83A-408E526EE097}.Debug|Any CPU.Build.0 = Debug|Any CPU
		{1207DC48-BDD9-4ABC-B83A-408E526EE097}.Release|Any CPU.ActiveCfg = Release|Any CPU
		{1207DC48-BDD9-4ABC-B83A-408E526EE097}.Release|Any CPU.Build.0 = Release|Any CPU
	EndGlobalSection
	GlobalSection(SolutionProperties) = preSolution
		HideSolutionNode = FALSE
	EndGlobalSection
EndGlobal
