
Microsoft Visual Studio Solution File, Format Version 12.00
# Visual Studio Version 17
VisualStudioVersion = 17.5.33516.290
MinimumVisualStudioVersion = 10.0.40219.1
Project("{FAE04EC0-301F-11D3-BF4B-00C04F79EFBC}") = "12_BattleVSBoss", "12_BattleVSBoss\12_BattleVSBoss.csproj", "{602A583C-D57E-4C28-95D1-2AFEC5949B8A}"
EndProject
Global
	GlobalSection(SolutionConfigurationPlatforms) = preSolution
		Debug|Any CPU = Debug|Any CPU
		Release|Any CPU = Release|Any CPU
	EndGlobalSection
	GlobalSection(ProjectConfigurationPlatforms) = postSolution
		{602A583C-D57E-4C28-95D1-2AFEC5949B8A}.Debug|Any CPU.ActiveCfg = Debug|Any CPU
		{602A583C-D57E-4C28-95D1-2AFEC5949B8A}.Debug|Any CPU.Build.0 = Debug|Any CPU
		{602A583C-D57E-4C28-95D1-2AFEC5949B8A}.Release|Any CPU.ActiveCfg = Release|Any CPU
		{602A583C-D57E-4C28-95D1-2AFEC5949B8A}.Release|Any CPU.Build.0 = Release|Any CPU
	EndGlobalSection
	GlobalSection(SolutionProperties) = preSolution
		HideSolutionNode = FALSE
	EndGlobalSection
	GlobalSection(ExtensibilityGlobals) = postSolution
		SolutionGuid = {4CD41AF8-D6BC-47C9-B3FE-68F66CBA0AAF}
	EndGlobalSection
EndGlobal
