
Microsoft Visual Studio Solution File, Format Version 12.00
# Visual Studio Version 17
VisualStudioVersion = 17.5.33627.172
MinimumVisualStudioVersion = 10.0.40219.1
Project("{FAE04EC0-301F-11D3-BF4B-00C04F79EFBC}") = "01_SearchForTheCriminal", "01_SearchForTheCriminal\01_SearchForTheCriminal.csproj", "{019D2BD8-7883-48E4-9529-61B370799CAC}"
EndProject
Global
	GlobalSection(SolutionConfigurationPlatforms) = preSolution
		Debug|Any CPU = Debug|Any CPU
		Release|Any CPU = Release|Any CPU
	EndGlobalSection
	GlobalSection(ProjectConfigurationPlatforms) = postSolution
		{019D2BD8-7883-48E4-9529-61B370799CAC}.Debug|Any CPU.ActiveCfg = Debug|Any CPU
		{019D2BD8-7883-48E4-9529-61B370799CAC}.Debug|Any CPU.Build.0 = Debug|Any CPU
		{019D2BD8-7883-48E4-9529-61B370799CAC}.Release|Any CPU.ActiveCfg = Release|Any CPU
		{019D2BD8-7883-48E4-9529-61B370799CAC}.Release|Any CPU.Build.0 = Release|Any CPU
	EndGlobalSection
	GlobalSection(SolutionProperties) = preSolution
		HideSolutionNode = FALSE
	EndGlobalSection
	GlobalSection(ExtensibilityGlobals) = postSolution
		SolutionGuid = {7B955D8D-AF29-4F02-90AF-6524692FD68C}
	EndGlobalSection
EndGlobal
