
Microsoft Visual Studio Solution File, Format Version 12.00
# Visual Studio Version 17
VisualStudioVersion = 17.4.33205.214
MinimumVisualStudioVersion = 10.0.40219.1
Project("{FAE04EC0-301F-11D3-BF4B-00C04F79EFBC}") = "10_War", "10_War\10_War.csproj", "{C548A45A-F8F1-4E08-81C0-A1C7F1599090}"
EndProject
Global
	GlobalSection(SolutionConfigurationPlatforms) = preSolution
		Debug|Any CPU = Debug|Any CPU
		Release|Any CPU = Release|Any CPU
	EndGlobalSection
	GlobalSection(ProjectConfigurationPlatforms) = postSolution
		{C548A45A-F8F1-4E08-81C0-A1C7F1599090}.Debug|Any CPU.ActiveCfg = Debug|Any CPU
		{C548A45A-F8F1-4E08-81C0-A1C7F1599090}.Debug|Any CPU.Build.0 = Debug|Any CPU
		{C548A45A-F8F1-4E08-81C0-A1C7F1599090}.Release|Any CPU.ActiveCfg = Release|Any CPU
		{C548A45A-F8F1-4E08-81C0-A1C7F1599090}.Release|Any CPU.Build.0 = Release|Any CPU
	EndGlobalSection
	GlobalSection(SolutionProperties) = preSolution
		HideSolutionNode = FALSE
	EndGlobalSection
	GlobalSection(ExtensibilityGlobals) = postSolution
		SolutionGuid = {378E8B4C-35F3-4474-8E7C-749C51F2FB20}
	EndGlobalSection
EndGlobal
