
Microsoft Visual Studio Solution File, Format Version 12.00
# Visual Studio Version 17
VisualStudioVersion = 17.5.33627.172
MinimumVisualStudioVersion = 10.0.40219.1
Project("{FAE04EC0-301F-11D3-BF4B-00C04F79EFBC}") = "01_WorkingWithClasses", "01_WorkingWithClasses\01_WorkingWithClasses.csproj", "{0E0850FF-5032-4047-9AD1-CA338B210888}"
EndProject
Global
	GlobalSection(SolutionConfigurationPlatforms) = preSolution
		Debug|Any CPU = Debug|Any CPU
		Release|Any CPU = Release|Any CPU
	EndGlobalSection
	GlobalSection(ProjectConfigurationPlatforms) = postSolution
		{0E0850FF-5032-4047-9AD1-CA338B210888}.Debug|Any CPU.ActiveCfg = Debug|Any CPU
		{0E0850FF-5032-4047-9AD1-CA338B210888}.Debug|Any CPU.Build.0 = Debug|Any CPU
		{0E0850FF-5032-4047-9AD1-CA338B210888}.Release|Any CPU.ActiveCfg = Release|Any CPU
		{0E0850FF-5032-4047-9AD1-CA338B210888}.Release|Any CPU.Build.0 = Release|Any CPU
	EndGlobalSection
	GlobalSection(SolutionProperties) = preSolution
		HideSolutionNode = FALSE
	EndGlobalSection
	GlobalSection(ExtensibilityGlobals) = postSolution
		SolutionGuid = {A743FD73-3526-4D5A-BA97-93C5E8A3FF62}
	EndGlobalSection
EndGlobal
